// !$*UTF8*$!
{
	archiveVersion = 1;
	classes = {
	};
	objectVersion = 55;
	objects = {

/* Begin PBXBuildFile section */
		644C4251278A75C500D912F2 /* PostDetailViewController.swift in Sources */ = {isa = PBXBuildFile; fileRef = 644C4250278A75C400D912F2 /* PostDetailViewController.swift */; };
		644C4253278ADA3800D912F2 /* Comment.swift in Sources */ = {isa = PBXBuildFile; fileRef = 644C4252278ADA3700D912F2 /* Comment.swift */; };
		644C42B1278C16A000D912F2 /* PostUpdateViewController.swift in Sources */ = {isa = PBXBuildFile; fileRef = 644C42B0278C16A000D912F2 /* PostUpdateViewController.swift */; };
		645C56C32785795B0016B135 /* PostViewModel.swift in Sources */ = {isa = PBXBuildFile; fileRef = 645C56C22785795B0016B135 /* PostViewModel.swift */; };
		645C56C727857D180016B135 /* APIServicePost.swift in Sources */ = {isa = PBXBuildFile; fileRef = 645C56C627857D180016B135 /* APIServicePost.swift */; };
		645C56C927857E0F0016B135 /* Post.swift in Sources */ = {isa = PBXBuildFile; fileRef = 645C56C827857E0F0016B135 /* Post.swift */; };
		648B8EA92782DEEA00742480 /* AppDelegate.swift in Sources */ = {isa = PBXBuildFile; fileRef = 648B8EA82782DEEA00742480 /* AppDelegate.swift */; };
		648B8EAB2782DEEA00742480 /* SceneDelegate.swift in Sources */ = {isa = PBXBuildFile; fileRef = 648B8EAA2782DEEA00742480 /* SceneDelegate.swift */; };
		648B8EB22782DEEC00742480 /* Assets.xcassets in Resources */ = {isa = PBXBuildFile; fileRef = 648B8EB12782DEEC00742480 /* Assets.xcassets */; };
		648B8EB52782DEEC00742480 /* LaunchScreen.storyboard in Resources */ = {isa = PBXBuildFile; fileRef = 648B8EB32782DEEC00742480 /* LaunchScreen.storyboard */; };
		648B8EBE2782DF6C00742480 /* SnapKit in Frameworks */ = {isa = PBXBuildFile; productRef = 648B8EBD2782DF6C00742480 /* SnapKit */; };
		648B8EC02782E13D00742480 /* LoginViewController.swift in Sources */ = {isa = PBXBuildFile; fileRef = 648B8EBF2782E13D00742480 /* LoginViewController.swift */; };
		648B8EC22782E1FD00742480 /* logo_ssac_clear.png in Resources */ = {isa = PBXBuildFile; fileRef = 648B8EC12782E1FD00742480 /* logo_ssac_clear.png */; };
		648B8EC82784226600742480 /* SignUpViewController.swift in Sources */ = {isa = PBXBuildFile; fileRef = 648B8EC72784226600742480 /* SignUpViewController.swift */; };
		648B8ECA27842BF400742480 /* User.swift in Sources */ = {isa = PBXBuildFile; fileRef = 648B8EC927842BF400742480 /* User.swift */; };
		648B8ECC27842D5100742480 /* APIServiceUser.swift in Sources */ = {isa = PBXBuildFile; fileRef = 648B8ECB27842D5100742480 /* APIServiceUser.swift */; };
		648B8ECE2784338B00742480 /* SignUpViewModel.swift in Sources */ = {isa = PBXBuildFile; fileRef = 648B8ECD2784338B00742480 /* SignUpViewModel.swift */; };
		648B8ED02784357D00742480 /* Observable.swift in Sources */ = {isa = PBXBuildFile; fileRef = 648B8ECF2784357D00742480 /* Observable.swift */; };
		648B8ED427843A2100742480 /* StartViewController.swift in Sources */ = {isa = PBXBuildFile; fileRef = 648B8ED327843A2100742480 /* StartViewController.swift */; };
		648B8ED92784410300742480 /* PostViewController.swift in Sources */ = {isa = PBXBuildFile; fileRef = 648B8ED82784410300742480 /* PostViewController.swift */; };
		648B8EDB27847C8800742480 /* LoginViewModel.swift in Sources */ = {isa = PBXBuildFile; fileRef = 648B8EDA27847C8800742480 /* LoginViewModel.swift */; };
		6495F8C4278C66B700A9F6E0 /* APIServiceComment.swift in Sources */ = {isa = PBXBuildFile; fileRef = 6495F8C3278C66B700A9F6E0 /* APIServiceComment.swift */; };
		6495F8C6278C66F300A9F6E0 /* CommentViewModel.swift in Sources */ = {isa = PBXBuildFile; fileRef = 6495F8C5278C66F300A9F6E0 /* CommentViewModel.swift */; };
		6495F8C8278D859500A9F6E0 /* CommentUpdateViewController.swift in Sources */ = {isa = PBXBuildFile; fileRef = 6495F8C7278D859500A9F6E0 /* CommentUpdateViewController.swift */; };
		6495F8CD278EC11500A9F6E0 /* Extension+UIColor.swift in Sources */ = {isa = PBXBuildFile; fileRef = 6495F8CC278EC11500A9F6E0 /* Extension+UIColor.swift */; };
		6495F8D22790201400A9F6E0 /* Toast in Frameworks */ = {isa = PBXBuildFile; productRef = 6495F8D12790201400A9F6E0 /* Toast */; };
/* End PBXBuildFile section */

/* Begin PBXFileReference section */
		644C4250278A75C400D912F2 /* PostDetailViewController.swift */ = {isa = PBXFileReference; lastKnownFileType = sourcecode.swift; path = PostDetailViewController.swift; sourceTree = "<group>"; };
		644C4252278ADA3700D912F2 /* Comment.swift */ = {isa = PBXFileReference; lastKnownFileType = sourcecode.swift; path = Comment.swift; sourceTree = "<group>"; };
		644C42B0278C16A000D912F2 /* PostUpdateViewController.swift */ = {isa = PBXFileReference; lastKnownFileType = sourcecode.swift; path = PostUpdateViewController.swift; sourceTree = "<group>"; };
		645C56C22785795B0016B135 /* PostViewModel.swift */ = {isa = PBXFileReference; lastKnownFileType = sourcecode.swift; path = PostViewModel.swift; sourceTree = "<group>"; };
		645C56C627857D180016B135 /* APIServicePost.swift */ = {isa = PBXFileReference; lastKnownFileType = sourcecode.swift; path = APIServicePost.swift; sourceTree = "<group>"; };
		645C56C827857E0F0016B135 /* Post.swift */ = {isa = PBXFileReference; lastKnownFileType = sourcecode.swift; path = Post.swift; sourceTree = "<group>"; };
		648B8EA52782DEEA00742480 /* SeSACFarm.app */ = {isa = PBXFileReference; explicitFileType = wrapper.application; includeInIndex = 0; path = SeSACFarm.app; sourceTree = BUILT_PRODUCTS_DIR; };
		648B8EA82782DEEA00742480 /* AppDelegate.swift */ = {isa = PBXFileReference; lastKnownFileType = sourcecode.swift; path = AppDelegate.swift; sourceTree = "<group>"; };
		648B8EAA2782DEEA00742480 /* SceneDelegate.swift */ = {isa = PBXFileReference; lastKnownFileType = sourcecode.swift; path = SceneDelegate.swift; sourceTree = "<group>"; };
		648B8EB12782DEEC00742480 /* Assets.xcassets */ = {isa = PBXFileReference; lastKnownFileType = folder.assetcatalog; path = Assets.xcassets; sourceTree = "<group>"; };
		648B8EB42782DEEC00742480 /* Base */ = {isa = PBXFileReference; lastKnownFileType = file.storyboard; name = Base; path = Base.lproj/LaunchScreen.storyboard; sourceTree = "<group>"; };
		648B8EB62782DEEC00742480 /* Info.plist */ = {isa = PBXFileReference; lastKnownFileType = text.plist.xml; path = Info.plist; sourceTree = "<group>"; };
		648B8EBF2782E13D00742480 /* LoginViewController.swift */ = {isa = PBXFileReference; lastKnownFileType = sourcecode.swift; path = LoginViewController.swift; sourceTree = "<group>"; };
		648B8EC12782E1FD00742480 /* logo_ssac_clear.png */ = {isa = PBXFileReference; lastKnownFileType = image.png; name = logo_ssac_clear.png; path = ../../../sesac_logo/logo_ssac_clear.png; sourceTree = "<group>"; };
		648B8EC72784226600742480 /* SignUpViewController.swift */ = {isa = PBXFileReference; lastKnownFileType = sourcecode.swift; path = SignUpViewController.swift; sourceTree = "<group>"; };
		648B8EC927842BF400742480 /* User.swift */ = {isa = PBXFileReference; lastKnownFileType = sourcecode.swift; path = User.swift; sourceTree = "<group>"; };
		648B8ECB27842D5100742480 /* APIServiceUser.swift */ = {isa = PBXFileReference; lastKnownFileType = sourcecode.swift; path = APIServiceUser.swift; sourceTree = "<group>"; };
		648B8ECD2784338B00742480 /* SignUpViewModel.swift */ = {isa = PBXFileReference; lastKnownFileType = sourcecode.swift; path = SignUpViewModel.swift; sourceTree = "<group>"; };
		648B8ECF2784357D00742480 /* Observable.swift */ = {isa = PBXFileReference; lastKnownFileType = sourcecode.swift; path = Observable.swift; sourceTree = "<group>"; };
		648B8ED327843A2100742480 /* StartViewController.swift */ = {isa = PBXFileReference; lastKnownFileType = sourcecode.swift; path = StartViewController.swift; sourceTree = "<group>"; };
		648B8ED82784410300742480 /* PostViewController.swift */ = {isa = PBXFileReference; lastKnownFileType = sourcecode.swift; path = PostViewController.swift; sourceTree = "<group>"; };
		648B8EDA27847C8800742480 /* LoginViewModel.swift */ = {isa = PBXFileReference; lastKnownFileType = sourcecode.swift; path = LoginViewModel.swift; sourceTree = "<group>"; };
		6495F8C3278C66B700A9F6E0 /* APIServiceComment.swift */ = {isa = PBXFileReference; lastKnownFileType = sourcecode.swift; path = APIServiceComment.swift; sourceTree = "<group>"; };
		6495F8C5278C66F300A9F6E0 /* CommentViewModel.swift */ = {isa = PBXFileReference; lastKnownFileType = sourcecode.swift; path = CommentViewModel.swift; sourceTree = "<group>"; };
		6495F8C7278D859500A9F6E0 /* CommentUpdateViewController.swift */ = {isa = PBXFileReference; lastKnownFileType = sourcecode.swift; path = CommentUpdateViewController.swift; sourceTree = "<group>"; };
		6495F8CC278EC11500A9F6E0 /* Extension+UIColor.swift */ = {isa = PBXFileReference; lastKnownFileType = sourcecode.swift; path = "Extension+UIColor.swift"; sourceTree = "<group>"; };
/* End PBXFileReference section */

/* Begin PBXFrameworksBuildPhase section */
		648B8EA22782DEEA00742480 /* Frameworks */ = {
			isa = PBXFrameworksBuildPhase;
			buildActionMask = 2147483647;
			files = (
				6495F8D22790201400A9F6E0 /* Toast in Frameworks */,
				648B8EBE2782DF6C00742480 /* SnapKit in Frameworks */,
			);
			runOnlyForDeploymentPostprocessing = 0;
		};
/* End PBXFrameworksBuildPhase section */

/* Begin PBXGroup section */
		645C56C427857A460016B135 /* Login */ = {
			isa = PBXGroup;
			children = (
				648B8EDA27847C8800742480 /* LoginViewModel.swift */,
				648B8EBF2782E13D00742480 /* LoginViewController.swift */,
			);
			path = Login;
			sourceTree = "<group>";
		};
		645C56C527857A6E0016B135 /* Post */ = {
			isa = PBXGroup;
			children = (
				645C56C22785795B0016B135 /* PostViewModel.swift */,
				648B8ED82784410300742480 /* PostViewController.swift */,
				644C4250278A75C400D912F2 /* PostDetailViewController.swift */,
				644C42B0278C16A000D912F2 /* PostUpdateViewController.swift */,
				645C56C627857D180016B135 /* APIServicePost.swift */,
				645C56C827857E0F0016B135 /* Post.swift */,
			);
			path = Post;
			sourceTree = "<group>";
		};
		648B8E9C2782DEEA00742480 = {
			isa = PBXGroup;
			children = (
				648B8EA72782DEEA00742480 /* SeSACFarm */,
				648B8EA62782DEEA00742480 /* Products */,
			);
			sourceTree = "<group>";
		};
		648B8EA62782DEEA00742480 /* Products */ = {
			isa = PBXGroup;
			children = (
				648B8EA52782DEEA00742480 /* SeSACFarm.app */,
			);
			name = Products;
			sourceTree = "<group>";
		};
		648B8EA72782DEEA00742480 /* SeSACFarm */ = {
			isa = PBXGroup;
			children = (
				6495F8C9278D85A000A9F6E0 /* Comment */,
				645C56C527857A6E0016B135 /* Post */,
				645C56C427857A460016B135 /* Login */,
				648B8ED527843B1800742480 /* SignUp */,
				648B8ECB27842D5100742480 /* APIServiceUser.swift */,
				648B8EC927842BF400742480 /* User.swift */,
				648B8ED327843A2100742480 /* StartViewController.swift */,
				648B8EAA2782DEEA00742480 /* SceneDelegate.swift */,
				648B8EA82782DEEA00742480 /* AppDelegate.swift */,
				648B8ECF2784357D00742480 /* Observable.swift */,
				6495F8CC278EC11500A9F6E0 /* Extension+UIColor.swift */,
				648B8EB12782DEEC00742480 /* Assets.xcassets */,
				648B8EC12782E1FD00742480 /* logo_ssac_clear.png */,
				648B8EB32782DEEC00742480 /* LaunchScreen.storyboard */,
				648B8EB62782DEEC00742480 /* Info.plist */,
			);
			path = SeSACFarm;
			sourceTree = "<group>";
		};
		648B8ED527843B1800742480 /* SignUp */ = {
			isa = PBXGroup;
			children = (
				648B8EC72784226600742480 /* SignUpViewController.swift */,
				648B8ECD2784338B00742480 /* SignUpViewModel.swift */,
			);
			path = SignUp;
			sourceTree = "<group>";
		};
		6495F8C9278D85A000A9F6E0 /* Comment */ = {
			isa = PBXGroup;
			children = (
				6495F8C5278C66F300A9F6E0 /* CommentViewModel.swift */,
				6495F8C7278D859500A9F6E0 /* CommentUpdateViewController.swift */,
				6495F8C3278C66B700A9F6E0 /* APIServiceComment.swift */,
				644C4252278ADA3700D912F2 /* Comment.swift */,
			);
			path = Comment;
			sourceTree = "<group>";
		};
/* End PBXGroup section */

/* Begin PBXNativeTarget section */
		648B8EA42782DEEA00742480 /* SeSACFarm */ = {
			isa = PBXNativeTarget;
			buildConfigurationList = 648B8EB92782DEEC00742480 /* Build configuration list for PBXNativeTarget "SeSACFarm" */;
			buildPhases = (
				648B8EA12782DEEA00742480 /* Sources */,
				648B8EA22782DEEA00742480 /* Frameworks */,
				648B8EA32782DEEA00742480 /* Resources */,
			);
			buildRules = (
			);
			dependencies = (
			);
			name = SeSACFarm;
			packageProductDependencies = (
				648B8EBD2782DF6C00742480 /* SnapKit */,
				6495F8D12790201400A9F6E0 /* Toast */,
			);
			productName = SeSACLogin;
			productReference = 648B8EA52782DEEA00742480 /* SeSACFarm.app */;
			productType = "com.apple.product-type.application";
		};
/* End PBXNativeTarget section */

/* Begin PBXProject section */
		648B8E9D2782DEEA00742480 /* Project object */ = {
			isa = PBXProject;
			attributes = {
				BuildIndependentTargetsInParallel = 1;
				LastSwiftUpdateCheck = 1310;
				LastUpgradeCheck = 1310;
				TargetAttributes = {
					648B8EA42782DEEA00742480 = {
						CreatedOnToolsVersion = 13.1;
					};
				};
			};
			buildConfigurationList = 648B8EA02782DEEA00742480 /* Build configuration list for PBXProject "SeSACFarm" */;
			compatibilityVersion = "Xcode 13.0";
			developmentRegion = en;
			hasScannedForEncodings = 0;
			knownRegions = (
				en,
				Base,
			);
			mainGroup = 648B8E9C2782DEEA00742480;
			packageReferences = (
				648B8EBC2782DF6C00742480 /* XCRemoteSwiftPackageReference "SnapKit" */,
				6495F8D02790201400A9F6E0 /* XCRemoteSwiftPackageReference "Toast-Swift" */,
			);
			productRefGroup = 648B8EA62782DEEA00742480 /* Products */;
			projectDirPath = "";
			projectRoot = "";
			targets = (
				648B8EA42782DEEA00742480 /* SeSACFarm */,
			);
		};
/* End PBXProject section */

/* Begin PBXResourcesBuildPhase section */
		648B8EA32782DEEA00742480 /* Resources */ = {
			isa = PBXResourcesBuildPhase;
			buildActionMask = 2147483647;
			files = (
				648B8EB52782DEEC00742480 /* LaunchScreen.storyboard in Resources */,
				648B8EC22782E1FD00742480 /* logo_ssac_clear.png in Resources */,
				648B8EB22782DEEC00742480 /* Assets.xcassets in Resources */,
			);
			runOnlyForDeploymentPostprocessing = 0;
		};
/* End PBXResourcesBuildPhase section */

/* Begin PBXSourcesBuildPhase section */
		648B8EA12782DEEA00742480 /* Sources */ = {
			isa = PBXSourcesBuildPhase;
			buildActionMask = 2147483647;
			files = (
				6495F8C4278C66B700A9F6E0 /* APIServiceComment.swift in Sources */,
				645C56C727857D180016B135 /* APIServicePost.swift in Sources */,
				6495F8CD278EC11500A9F6E0 /* Extension+UIColor.swift in Sources */,
				648B8EC02782E13D00742480 /* LoginViewController.swift in Sources */,
				648B8ECC27842D5100742480 /* APIServiceUser.swift in Sources */,
				648B8ECA27842BF400742480 /* User.swift in Sources */,
				644C42B1278C16A000D912F2 /* PostUpdateViewController.swift in Sources */,
				648B8ED02784357D00742480 /* Observable.swift in Sources */,
				645C56C927857E0F0016B135 /* Post.swift in Sources */,
				645C56C32785795B0016B135 /* PostViewModel.swift in Sources */,
				6495F8C6278C66F300A9F6E0 /* CommentViewModel.swift in Sources */,
				644C4251278A75C500D912F2 /* PostDetailViewController.swift in Sources */,
				648B8ED92784410300742480 /* PostViewController.swift in Sources */,
				648B8ED427843A2100742480 /* StartViewController.swift in Sources */,
				648B8EA92782DEEA00742480 /* AppDelegate.swift in Sources */,
				644C4253278ADA3800D912F2 /* Comment.swift in Sources */,
				6495F8C8278D859500A9F6E0 /* CommentUpdateViewController.swift in Sources */,
				648B8EAB2782DEEA00742480 /* SceneDelegate.swift in Sources */,
				648B8ECE2784338B00742480 /* SignUpViewModel.swift in Sources */,
				648B8EC82784226600742480 /* SignUpViewController.swift in Sources */,
				648B8EDB27847C8800742480 /* LoginViewModel.swift in Sources */,
			);
			runOnlyForDeploymentPostprocessing = 0;
		};
/* End PBXSourcesBuildPhase section */

/* Begin PBXVariantGroup section */
		648B8EB32782DEEC00742480 /* LaunchScreen.storyboard */ = {
			isa = PBXVariantGroup;
			children = (
				648B8EB42782DEEC00742480 /* Base */,
			);
			name = LaunchScreen.storyboard;
			sourceTree = "<group>";
		};
/* End PBXVariantGroup section */

/* Begin XCBuildConfiguration section */
		648B8EB72782DEEC00742480 /* Debug */ = {
			isa = XCBuildConfiguration;
			buildSettings = {
				ALWAYS_SEARCH_USER_PATHS = NO;
				CLANG_ANALYZER_NONNULL = YES;
				CLANG_ANALYZER_NUMBER_OBJECT_CONVERSION = YES_AGGRESSIVE;
				CLANG_CXX_LANGUAGE_STANDARD = "gnu++17";
				CLANG_CXX_LIBRARY = "libc++";
				CLANG_ENABLE_MODULES = YES;
				CLANG_ENABLE_OBJC_ARC = YES;
				CLANG_ENABLE_OBJC_WEAK = YES;
				CLANG_WARN_BLOCK_CAPTURE_AUTORELEASING = YES;
				CLANG_WARN_BOOL_CONVERSION = YES;
				CLANG_WARN_COMMA = YES;
				CLANG_WARN_CONSTANT_CONVERSION = YES;
				CLANG_WARN_DEPRECATED_OBJC_IMPLEMENTATIONS = YES;
				CLANG_WARN_DIRECT_OBJC_ISA_USAGE = YES_ERROR;
				CLANG_WARN_DOCUMENTATION_COMMENTS = YES;
				CLANG_WARN_EMPTY_BODY = YES;
				CLANG_WARN_ENUM_CONVERSION = YES;
				CLANG_WARN_INFINITE_RECURSION = YES;
				CLANG_WARN_INT_CONVERSION = YES;
				CLANG_WARN_NON_LITERAL_NULL_CONVERSION = YES;
				CLANG_WARN_OBJC_IMPLICIT_RETAIN_SELF = YES;
				CLANG_WARN_OBJC_LITERAL_CONVERSION = YES;
				CLANG_WARN_OBJC_ROOT_CLASS = YES_ERROR;
				CLANG_WARN_QUOTED_INCLUDE_IN_FRAMEWORK_HEADER = YES;
				CLANG_WARN_RANGE_LOOP_ANALYSIS = YES;
				CLANG_WARN_STRICT_PROTOTYPES = YES;
				CLANG_WARN_SUSPICIOUS_MOVE = YES;
				CLANG_WARN_UNGUARDED_AVAILABILITY = YES_AGGRESSIVE;
				CLANG_WARN_UNREACHABLE_CODE = YES;
				CLANG_WARN__DUPLICATE_METHOD_MATCH = YES;
				COPY_PHASE_STRIP = NO;
				DEBUG_INFORMATION_FORMAT = dwarf;
				ENABLE_STRICT_OBJC_MSGSEND = YES;
				ENABLE_TESTABILITY = YES;
				GCC_C_LANGUAGE_STANDARD = gnu11;
				GCC_DYNAMIC_NO_PIC = NO;
				GCC_NO_COMMON_BLOCKS = YES;
				GCC_OPTIMIZATION_LEVEL = 0;
				GCC_PREPROCESSOR_DEFINITIONS = (
					"DEBUG=1",
					"$(inherited)",
				);
				GCC_WARN_64_TO_32_BIT_CONVERSION = YES;
				GCC_WARN_ABOUT_RETURN_TYPE = YES_ERROR;
				GCC_WARN_UNDECLARED_SELECTOR = YES;
				GCC_WARN_UNINITIALIZED_AUTOS = YES_AGGRESSIVE;
				GCC_WARN_UNUSED_FUNCTION = YES;
				GCC_WARN_UNUSED_VARIABLE = YES;
				IPHONEOS_DEPLOYMENT_TARGET = 15.0;
				MTL_ENABLE_DEBUG_INFO = INCLUDE_SOURCE;
				MTL_FAST_MATH = YES;
				ONLY_ACTIVE_ARCH = YES;
				SDKROOT = iphoneos;
				SWIFT_ACTIVE_COMPILATION_CONDITIONS = DEBUG;
				SWIFT_OPTIMIZATION_LEVEL = "-Onone";
			};
			name = Debug;
		};
		648B8EB82782DEEC00742480 /* Release */ = {
			isa = XCBuildConfiguration;
			buildSettings = {
				ALWAYS_SEARCH_USER_PATHS = NO;
				CLANG_ANALYZER_NONNULL = YES;
				CLANG_ANALYZER_NUMBER_OBJECT_CONVERSION = YES_AGGRESSIVE;
				CLANG_CXX_LANGUAGE_STANDARD = "gnu++17";
				CLANG_CXX_LIBRARY = "libc++";
				CLANG_ENABLE_MODULES = YES;
				CLANG_ENABLE_OBJC_ARC = YES;
				CLANG_ENABLE_OBJC_WEAK = YES;
				CLANG_WARN_BLOCK_CAPTURE_AUTORELEASING = YES;
				CLANG_WARN_BOOL_CONVERSION = YES;
				CLANG_WARN_COMMA = YES;
				CLANG_WARN_CONSTANT_CONVERSION = YES;
				CLANG_WARN_DEPRECATED_OBJC_IMPLEMENTATIONS = YES;
				CLANG_WARN_DIRECT_OBJC_ISA_USAGE = YES_ERROR;
				CLANG_WARN_DOCUMENTATION_COMMENTS = YES;
				CLANG_WARN_EMPTY_BODY = YES;
				CLANG_WARN_ENUM_CONVERSION = YES;
				CLANG_WARN_INFINITE_RECURSION = YES;
				CLANG_WARN_INT_CONVERSION = YES;
				CLANG_WARN_NON_LITERAL_NULL_CONVERSION = YES;
				CLANG_WARN_OBJC_IMPLICIT_RETAIN_SELF = YES;
				CLANG_WARN_OBJC_LITERAL_CONVERSION = YES;
				CLANG_WARN_OBJC_ROOT_CLASS = YES_ERROR;
				CLANG_WARN_QUOTED_INCLUDE_IN_FRAMEWORK_HEADER = YES;
				CLANG_WARN_RANGE_LOOP_ANALYSIS = YES;
				CLANG_WARN_STRICT_PROTOTYPES = YES;
				CLANG_WARN_SUSPICIOUS_MOVE = YES;
				CLANG_WARN_UNGUARDED_AVAILABILITY = YES_AGGRESSIVE;
				CLANG_WARN_UNREACHABLE_CODE = YES;
				CLANG_WARN__DUPLICATE_METHOD_MATCH = YES;
				COPY_PHASE_STRIP = NO;
				DEBUG_INFORMATION_FORMAT = "dwarf-with-dsym";
				ENABLE_NS_ASSERTIONS = NO;
				ENABLE_STRICT_OBJC_MSGSEND = YES;
				GCC_C_LANGUAGE_STANDARD = gnu11;
				GCC_NO_COMMON_BLOCKS = YES;
				GCC_WARN_64_TO_32_BIT_CONVERSION = YES;
				GCC_WARN_ABOUT_RETURN_TYPE = YES_ERROR;
				GCC_WARN_UNDECLARED_SELECTOR = YES;
				GCC_WARN_UNINITIALIZED_AUTOS = YES_AGGRESSIVE;
				GCC_WARN_UNUSED_FUNCTION = YES;
				GCC_WARN_UNUSED_VARIABLE = YES;
				IPHONEOS_DEPLOYMENT_TARGET = 15.0;
				MTL_ENABLE_DEBUG_INFO = NO;
				MTL_FAST_MATH = YES;
				SDKROOT = iphoneos;
				SWIFT_COMPILATION_MODE = wholemodule;
				SWIFT_OPTIMIZATION_LEVEL = "-O";
				VALIDATE_PRODUCT = YES;
			};
			name = Release;
		};
		648B8EBA2782DEEC00742480 /* Debug */ = {
			isa = XCBuildConfiguration;
			buildSettings = {
				ASSETCATALOG_COMPILER_APPICON_NAME = AppIcon;
				ASSETCATALOG_COMPILER_GLOBAL_ACCENT_COLOR_NAME = AccentColor;
				CODE_SIGN_STYLE = Automatic;
				CURRENT_PROJECT_VERSION = 1;
				DEVELOPMENT_TEAM = XJJN8UXL48;
				GENERATE_INFOPLIST_FILE = YES;
				INFOPLIST_FILE = SeSACFarm/Info.plist;
				INFOPLIST_KEY_UIApplicationSupportsIndirectInputEvents = YES;
				INFOPLIST_KEY_UILaunchStoryboardName = LaunchScreen;
				INFOPLIST_KEY_UISupportedInterfaceOrientations_iPad = "UIInterfaceOrientationPortrait UIInterfaceOrientationPortraitUpsideDown UIInterfaceOrientationLandscapeLeft UIInterfaceOrientationLandscapeRight";
				INFOPLIST_KEY_UISupportedInterfaceOrientations_iPhone = "UIInterfaceOrientationPortrait UIInterfaceOrientationLandscapeLeft UIInterfaceOrientationLandscapeRight";
				LD_RUNPATH_SEARCH_PATHS = (
					"$(inherited)",
					"@executable_path/Frameworks",
				);
				MARKETING_VERSION = 1.0;
				PRODUCT_BUNDLE_IDENTIFIER = com.jmkim.SeSACFarm;
				PRODUCT_NAME = "$(TARGET_NAME)";
				SWIFT_EMIT_LOC_STRINGS = YES;
				SWIFT_VERSION = 5.0;
				TARGETED_DEVICE_FAMILY = "1,2";
			};
			name = Debug;
		};
		648B8EBB2782DEEC00742480 /* Release */ = {
			isa = XCBuildConfiguration;
			buildSettings = {
				ASSETCATALOG_COMPILER_APPICON_NAME = AppIcon;
				ASSETCATALOG_COMPILER_GLOBAL_ACCENT_COLOR_NAME = AccentColor;
				CODE_SIGN_STYLE = Automatic;
				CURRENT_PROJECT_VERSION = 1;
				DEVELOPMENT_TEAM = XJJN8UXL48;
				GENERATE_INFOPLIST_FILE = YES;
				INFOPLIST_FILE = SeSACFarm/Info.plist;
				INFOPLIST_KEY_UIApplicationSupportsIndirectInputEvents = YES;
				INFOPLIST_KEY_UILaunchStoryboardName = LaunchScreen;
				INFOPLIST_KEY_UISupportedInterfaceOrientations_iPad = "UIInterfaceOrientationPortrait UIInterfaceOrientationPortraitUpsideDown UIInterfaceOrientationLandscapeLeft UIInterfaceOrientationLandscapeRight";
				INFOPLIST_KEY_UISupportedInterfaceOrientations_iPhone = "UIInterfaceOrientationPortrait UIInterfaceOrientationLandscapeLeft UIInterfaceOrientationLandscapeRight";
				LD_RUNPATH_SEARCH_PATHS = (
					"$(inherited)",
					"@executable_path/Frameworks",
				);
				MARKETING_VERSION = 1.0;
				PRODUCT_BUNDLE_IDENTIFIER = com.jmkim.SeSACFarm;
				PRODUCT_NAME = "$(TARGET_NAME)";
				SWIFT_EMIT_LOC_STRINGS = YES;
				SWIFT_VERSION = 5.0;
				TARGETED_DEVICE_FAMILY = "1,2";
			};
			name = Release;
		};
/* End XCBuildConfiguration section */

/* Begin XCConfigurationList section */
		648B8EA02782DEEA00742480 /* Build configuration list for PBXProject "SeSACFarm" */ = {
			isa = XCConfigurationList;
			buildConfigurations = (
				648B8EB72782DEEC00742480 /* Debug */,
				648B8EB82782DEEC00742480 /* Release */,
			);
			defaultConfigurationIsVisible = 0;
			defaultConfigurationName = Release;
		};
		648B8EB92782DEEC00742480 /* Build configuration list for PBXNativeTarget "SeSACFarm" */ = {
			isa = XCConfigurationList;
			buildConfigurations = (
				648B8EBA2782DEEC00742480 /* Debug */,
				648B8EBB2782DEEC00742480 /* Release */,
			);
			defaultConfigurationIsVisible = 0;
			defaultConfigurationName = Release;
		};
/* End XCConfigurationList section */

/* Begin XCRemoteSwiftPackageReference section */
		648B8EBC2782DF6C00742480 /* XCRemoteSwiftPackageReference "SnapKit" */ = {
			isa = XCRemoteSwiftPackageReference;
			repositoryURL = "https://github.com/SnapKit/SnapKit.git";
			requirement = {
				kind = upToNextMajorVersion;
				minimumVersion = 5.0.0;
			};
		};
		6495F8D02790201400A9F6E0 /* XCRemoteSwiftPackageReference "Toast-Swift" */ = {
			isa = XCRemoteSwiftPackageReference;
			repositoryURL = "https://github.com/scalessec/Toast-Swift.git";
			requirement = {
				kind = upToNextMajorVersion;
				minimumVersion = 5.0.0;
			};
		};
/* End XCRemoteSwiftPackageReference section */

/* Begin XCSwiftPackageProductDependency section */
		648B8EBD2782DF6C00742480 /* SnapKit */ = {
			isa = XCSwiftPackageProductDependency;
			package = 648B8EBC2782DF6C00742480 /* XCRemoteSwiftPackageReference "SnapKit" */;
			productName = SnapKit;
		};
		6495F8D12790201400A9F6E0 /* Toast */ = {
			isa = XCSwiftPackageProductDependency;
			package = 6495F8D02790201400A9F6E0 /* XCRemoteSwiftPackageReference "Toast-Swift" */;
			productName = Toast;
		};
/* End XCSwiftPackageProductDependency section */
	};
	rootObject = 648B8E9D2782DEEA00742480 /* Project object */;
}
